// !$*UTF8*$!
{
	archiveVersion = 1;
	classes = {
	};
	objectVersion = 51;
	objects = {

/* Begin PBXBuildFile section */
		0CD072BABAFD1BB21B828CB5 /* Pods_Demo_DemoUITests.framework in Frameworks */ = {isa = PBXBuildFile; fileRef = A26C8A30949C7EC3298BFC4A /* Pods_Demo_DemoUITests.framework */; };
		3B923CB267AA9537E3A7E9E1 /* Pods_Demo.framework in Frameworks */ = {isa = PBXBuildFile; fileRef = 5A00979B77CC4F4B32A1674A /* Pods_Demo.framework */; };
		C26951DC256BC9A90041117E /* AppDelegate.swift in Sources */ = {isa = PBXBuildFile; fileRef = C26951DB256BC9A90041117E /* AppDelegate.swift */; };
		C26951DE256BC9A90041117E /* SceneDelegate.swift in Sources */ = {isa = PBXBuildFile; fileRef = C26951DD256BC9A90041117E /* SceneDelegate.swift */; };
		C26951E0256BC9A90041117E /* ViewController.swift in Sources */ = {isa = PBXBuildFile; fileRef = C26951DF256BC9A90041117E /* ViewController.swift */; };
		C26951E3256BC9A90041117E /* Main.storyboard in Resources */ = {isa = PBXBuildFile; fileRef = C26951E1256BC9A90041117E /* Main.storyboard */; };
		C26951E5256BC9AD0041117E /* Assets.xcassets in Resources */ = {isa = PBXBuildFile; fileRef = C26951E4256BC9AD0041117E /* Assets.xcassets */; };
		C26951E8256BC9AD0041117E /* LaunchScreen.storyboard in Resources */ = {isa = PBXBuildFile; fileRef = C26951E6256BC9AD0041117E /* LaunchScreen.storyboard */; };
		C26951F3256BC9AE0041117E /* DemoTests.swift in Sources */ = {isa = PBXBuildFile; fileRef = C26951F2256BC9AE0041117E /* DemoTests.swift */; };
		C26951FE256BC9AE0041117E /* DemoUITests.swift in Sources */ = {isa = PBXBuildFile; fileRef = C26951FD256BC9AE0041117E /* DemoUITests.swift */; };
		E061A8FFB1FB9F0D179CF091 /* Pods_DemoTests.framework in Frameworks */ = {isa = PBXBuildFile; fileRef = 60CD201F8F2F2117C04D0573 /* Pods_DemoTests.framework */; };
/* End PBXBuildFile section */

/* Begin PBXContainerItemProxy section */
		C26951EF256BC9AE0041117E /* PBXContainerItemProxy */ = {
			isa = PBXContainerItemProxy;
			containerPortal = C26951D0256BC9A90041117E /* Project object */;
			proxyType = 1;
			remoteGlobalIDString = C26951D7256BC9A90041117E;
			remoteInfo = Demo;
		};
		C26951FA256BC9AE0041117E /* PBXContainerItemProxy */ = {
			isa = PBXContainerItemProxy;
			containerPortal = C26951D0256BC9A90041117E /* Project object */;
			proxyType = 1;
			remoteGlobalIDString = C26951D7256BC9A90041117E;
			remoteInfo = Demo;
		};
/* End PBXContainerItemProxy section */

/* Begin PBXFileReference section */
		24E1976922494EBCE4DACE01 /* Pods-Demo-DemoUITests.release.xcconfig */ = {isa = PBXFileReference; includeInIndex = 1; lastKnownFileType = text.xcconfig; name = "Pods-Demo-DemoUITests.release.xcconfig"; path = "Target Support Files/Pods-Demo-DemoUITests/Pods-Demo-DemoUITests.release.xcconfig"; sourceTree = "<group>"; };
		5A00979B77CC4F4B32A1674A /* Pods_Demo.framework */ = {isa = PBXFileReference; explicitFileType = wrapper.framework; includeInIndex = 0; path = Pods_Demo.framework; sourceTree = BUILT_PRODUCTS_DIR; };
		60CD201F8F2F2117C04D0573 /* Pods_DemoTests.framework */ = {isa = PBXFileReference; explicitFileType = wrapper.framework; includeInIndex = 0; path = Pods_DemoTests.framework; sourceTree = BUILT_PRODUCTS_DIR; };
		82E15A404504140CC4855F07 /* Pods-DemoTests.debug.xcconfig */ = {isa = PBXFileReference; includeInIndex = 1; lastKnownFileType = text.xcconfig; name = "Pods-DemoTests.debug.xcconfig"; path = "Target Support Files/Pods-DemoTests/Pods-DemoTests.debug.xcconfig"; sourceTree = "<group>"; };
		A26C8A30949C7EC3298BFC4A /* Pods_Demo_DemoUITests.framework */ = {isa = PBXFileReference; explicitFileType = wrapper.framework; includeInIndex = 0; path = Pods_Demo_DemoUITests.framework; sourceTree = BUILT_PRODUCTS_DIR; };
		A66FDD7680B0AFCDE40334E2 /* Pods-DemoTests.release.xcconfig */ = {isa = PBXFileReference; includeInIndex = 1; lastKnownFileType = text.xcconfig; name = "Pods-DemoTests.release.xcconfig"; path = "Target Support Files/Pods-DemoTests/Pods-DemoTests.release.xcconfig"; sourceTree = "<group>"; };
		C26951D8256BC9A90041117E /* Demo.app */ = {isa = PBXFileReference; explicitFileType = wrapper.application; includeInIndex = 0; path = Demo.app; sourceTree = BUILT_PRODUCTS_DIR; };
		C26951DB256BC9A90041117E /* AppDelegate.swift */ = {isa = PBXFileReference; lastKnownFileType = sourcecode.swift; path = AppDelegate.swift; sourceTree = "<group>"; };
		C26951DD256BC9A90041117E /* SceneDelegate.swift */ = {isa = PBXFileReference; lastKnownFileType = sourcecode.swift; path = SceneDelegate.swift; sourceTree = "<group>"; };
		C26951DF256BC9A90041117E /* ViewController.swift */ = {isa = PBXFileReference; lastKnownFileType = sourcecode.swift; path = ViewController.swift; sourceTree = "<group>"; };
		C26951E2256BC9A90041117E /* Base */ = {isa = PBXFileReference; lastKnownFileType = file.storyboard; name = Base; path = Base.lproj/Main.storyboard; sourceTree = "<group>"; };
		C26951E4256BC9AD0041117E /* Assets.xcassets */ = {isa = PBXFileReference; lastKnownFileType = folder.assetcatalog; path = Assets.xcassets; sourceTree = "<group>"; };
		C26951E7256BC9AD0041117E /* Base */ = {isa = PBXFileReference; lastKnownFileType = file.storyboard; name = Base; path = Base.lproj/LaunchScreen.storyboard; sourceTree = "<group>"; };
		C26951E9256BC9AD0041117E /* Info.plist */ = {isa = PBXFileReference; lastKnownFileType = text.plist.xml; path = Info.plist; sourceTree = "<group>"; };
		C26951EE256BC9AE0041117E /* DemoTests.xctest */ = {isa = PBXFileReference; explicitFileType = wrapper.cfbundle; includeInIndex = 0; path = DemoTests.xctest; sourceTree = BUILT_PRODUCTS_DIR; };
		C26951F2256BC9AE0041117E /* DemoTests.swift */ = {isa = PBXFileReference; lastKnownFileType = sourcecode.swift; path = DemoTests.swift; sourceTree = "<group>"; };
		C26951F4256BC9AE0041117E /* Info.plist */ = {isa = PBXFileReference; lastKnownFileType = text.plist.xml; path = Info.plist; sourceTree = "<group>"; };
		C26951F9256BC9AE0041117E /* DemoUITests.xctest */ = {isa = PBXFileReference; explicitFileType = wrapper.cfbundle; includeInIndex = 0; path = DemoUITests.xctest; sourceTree = BUILT_PRODUCTS_DIR; };
		C26951FD256BC9AE0041117E /* DemoUITests.swift */ = {isa = PBXFileReference; lastKnownFileType = sourcecode.swift; path = DemoUITests.swift; sourceTree = "<group>"; };
		C26951FF256BC9AE0041117E /* Info.plist */ = {isa = PBXFileReference; lastKnownFileType = text.plist.xml; path = Info.plist; sourceTree = "<group>"; };
		CE8B71CB94244DC26EAB20EF /* Pods-Demo-DemoUITests.debug.xcconfig */ = {isa = PBXFileReference; includeInIndex = 1; lastKnownFileType = text.xcconfig; name = "Pods-Demo-DemoUITests.debug.xcconfig"; path = "Target Support Files/Pods-Demo-DemoUITests/Pods-Demo-DemoUITests.debug.xcconfig"; sourceTree = "<group>"; };
		D6D6763A30B804F26C8492B9 /* Pods-Demo.debug.xcconfig */ = {isa = PBXFileReference; includeInIndex = 1; lastKnownFileType = text.xcconfig; name = "Pods-Demo.debug.xcconfig"; path = "Target Support Files/Pods-Demo/Pods-Demo.debug.xcconfig"; sourceTree = "<group>"; };
		EA9506ABFC614AF66B431C88 /* Pods-Demo.release.xcconfig */ = {isa = PBXFileReference; includeInIndex = 1; lastKnownFileType = text.xcconfig; name = "Pods-Demo.release.xcconfig"; path = "Target Support Files/Pods-Demo/Pods-Demo.release.xcconfig"; sourceTree = "<group>"; };
/* End PBXFileReference section */

/* Begin PBXFrameworksBuildPhase section */
		C26951D5256BC9A90041117E /* Frameworks */ = {
			isa = PBXFrameworksBuildPhase;
			buildActionMask = 2147483647;
			files = (
				3B923CB267AA9537E3A7E9E1 /* Pods_Demo.framework in Frameworks */,
			);
			runOnlyForDeploymentPostprocessing = 0;
		};
		C26951EB256BC9AE0041117E /* Frameworks */ = {
			isa = PBXFrameworksBuildPhase;
			buildActionMask = 2147483647;
			files = (
				E061A8FFB1FB9F0D179CF091 /* Pods_DemoTests.framework in Frameworks */,
			);
			runOnlyForDeploymentPostprocessing = 0;
		};
		C26951F6256BC9AE0041117E /* Frameworks */ = {
			isa = PBXFrameworksBuildPhase;
			buildActionMask = 2147483647;
			files = (
				0CD072BABAFD1BB21B828CB5 /* Pods_Demo_DemoUITests.framework in Frameworks */,
			);
			runOnlyForDeploymentPostprocessing = 0;
		};
/* End PBXFrameworksBuildPhase section */

/* Begin PBXGroup section */
		48F85EDE3C4DC44EA72443EA /* Pods */ = {
			isa = PBXGroup;
			children = (
				D6D6763A30B804F26C8492B9 /* Pods-Demo.debug.xcconfig */,
				EA9506ABFC614AF66B431C88 /* Pods-Demo.release.xcconfig */,
				CE8B71CB94244DC26EAB20EF /* Pods-Demo-DemoUITests.debug.xcconfig */,
				24E1976922494EBCE4DACE01 /* Pods-Demo-DemoUITests.release.xcconfig */,
				82E15A404504140CC4855F07 /* Pods-DemoTests.debug.xcconfig */,
				A66FDD7680B0AFCDE40334E2 /* Pods-DemoTests.release.xcconfig */,
			);
			path = Pods;
			sourceTree = "<group>";
		};
		C26951CF256BC9A90041117E = {
			isa = PBXGroup;
			children = (
				C26951DA256BC9A90041117E /* Demo */,
				C26951F1256BC9AE0041117E /* DemoTests */,
				C26951FC256BC9AE0041117E /* DemoUITests */,
				C26951D9256BC9A90041117E /* Products */,
				48F85EDE3C4DC44EA72443EA /* Pods */,
				EC323FC889BCEFA637982664 /* Frameworks */,
			);
			sourceTree = "<group>";
		};
		C26951D9256BC9A90041117E /* Products */ = {
			isa = PBXGroup;
			children = (
				C26951D8256BC9A90041117E /* Demo.app */,
				C26951EE256BC9AE0041117E /* DemoTests.xctest */,
				C26951F9256BC9AE0041117E /* DemoUITests.xctest */,
			);
			name = Products;
			sourceTree = "<group>";
		};
		C26951DA256BC9A90041117E /* Demo */ = {
			isa = PBXGroup;
			children = (
				C26951DB256BC9A90041117E /* AppDelegate.swift */,
				C26951DD256BC9A90041117E /* SceneDelegate.swift */,
				C26951DF256BC9A90041117E /* ViewController.swift */,
				C26951E1256BC9A90041117E /* Main.storyboard */,
				C26951E4256BC9AD0041117E /* Assets.xcassets */,
				C26951E6256BC9AD0041117E /* LaunchScreen.storyboard */,
				C26951E9256BC9AD0041117E /* Info.plist */,
			);
			path = Demo;
			sourceTree = "<group>";
		};
		C26951F1256BC9AE0041117E /* DemoTests */ = {
			isa = PBXGroup;
			children = (
				C26951F2256BC9AE0041117E /* DemoTests.swift */,
				C26951F4256BC9AE0041117E /* Info.plist */,
			);
			path = DemoTests;
			sourceTree = "<group>";
		};
		C26951FC256BC9AE0041117E /* DemoUITests */ = {
			isa = PBXGroup;
			children = (
				C26951FD256BC9AE0041117E /* DemoUITests.swift */,
				C26951FF256BC9AE0041117E /* Info.plist */,
			);
			path = DemoUITests;
			sourceTree = "<group>";
		};
		EC323FC889BCEFA637982664 /* Frameworks */ = {
			isa = PBXGroup;
			children = (
				5A00979B77CC4F4B32A1674A /* Pods_Demo.framework */,
				A26C8A30949C7EC3298BFC4A /* Pods_Demo_DemoUITests.framework */,
				60CD201F8F2F2117C04D0573 /* Pods_DemoTests.framework */,
			);
			name = Frameworks;
			sourceTree = "<group>";
		};
/* End PBXGroup section */

/* Begin PBXNativeTarget section */
		C26951D7256BC9A90041117E /* Demo */ = {
			isa = PBXNativeTarget;
			buildConfigurationList = C2695202256BC9AE0041117E /* Build configuration list for PBXNativeTarget "Demo" */;
			buildPhases = (
				7803BC37C80995ACD1BA4D53 /* [CP] Check Pods Manifest.lock */,
				C26951D4256BC9A90041117E /* Sources */,
				C26951D5256BC9A90041117E /* Frameworks */,
				C26951D6256BC9A90041117E /* Resources */,
				F1ACCB1FC5941B75DF13D0D7 /* [CP] Embed Pods Frameworks */,
			);
			buildRules = (
			);
			dependencies = (
			);
			name = Demo;
			productName = Demo;
			productReference = C26951D8256BC9A90041117E /* Demo.app */;
			productType = "com.apple.product-type.application";
		};
		C26951ED256BC9AE0041117E /* DemoTests */ = {
			isa = PBXNativeTarget;
			buildConfigurationList = C2695205256BC9AE0041117E /* Build configuration list for PBXNativeTarget "DemoTests" */;
			buildPhases = (
				B1791E95AF86AF9E7D407CAA /* [CP] Check Pods Manifest.lock */,
				C26951EA256BC9AE0041117E /* Sources */,
				C26951EB256BC9AE0041117E /* Frameworks */,
				C26951EC256BC9AE0041117E /* Resources */,
			);
			buildRules = (
			);
			dependencies = (
				C26951F0256BC9AE0041117E /* PBXTargetDependency */,
			);
			name = DemoTests;
			productName = DemoTests;
			productReference = C26951EE256BC9AE0041117E /* DemoTests.xctest */;
			productType = "com.apple.product-type.bundle.unit-test";
		};
		C26951F8256BC9AE0041117E /* DemoUITests */ = {
			isa = PBXNativeTarget;
			buildConfigurationList = C2695208256BC9AE0041117E /* Build configuration list for PBXNativeTarget "DemoUITests" */;
			buildPhases = (
				BF5AEC7CE8B77B26F4A935EF /* [CP] Check Pods Manifest.lock */,
				C26951F5256BC9AE0041117E /* Sources */,
				C26951F6256BC9AE0041117E /* Frameworks */,
				C26951F7256BC9AE0041117E /* Resources */,
				B30AE31E06E8B0379C567605 /* [CP] Embed Pods Frameworks */,
			);
			buildRules = (
			);
			dependencies = (
				C26951FB256BC9AE0041117E /* PBXTargetDependency */,
			);
			name = DemoUITests;
			productName = DemoUITests;
			productReference = C26951F9256BC9AE0041117E /* DemoUITests.xctest */;
			productType = "com.apple.product-type.bundle.ui-testing";
		};
/* End PBXNativeTarget section */

/* Begin PBXProject section */
		C26951D0256BC9A90041117E /* Project object */ = {
			isa = PBXProject;
			attributes = {
				LastSwiftUpdateCheck = 1200;
				LastUpgradeCheck = 1200;
				TargetAttributes = {
					C26951D7256BC9A90041117E = {
						CreatedOnToolsVersion = 12.0.1;
					};
					C26951ED256BC9AE0041117E = {
						CreatedOnToolsVersion = 12.0.1;
						TestTargetID = C26951D7256BC9A90041117E;
					};
					C26951F8256BC9AE0041117E = {
						CreatedOnToolsVersion = 12.0.1;
						TestTargetID = C26951D7256BC9A90041117E;
					};
				};
			};
			buildConfigurationList = C26951D3256BC9A90041117E /* Build configuration list for PBXProject "Demo" */;
			compatibilityVersion = "Xcode 9.3";
			developmentRegion = en;
			hasScannedForEncodings = 0;
			knownRegions = (
				en,
				Base,
			);
			mainGroup = C26951CF256BC9A90041117E;
			productRefGroup = C26951D9256BC9A90041117E /* Products */;
			projectDirPath = "";
			projectRoot = "";
			targets = (
				C26951D7256BC9A90041117E /* Demo */,
				C26951ED256BC9AE0041117E /* DemoTests */,
				C26951F8256BC9AE0041117E /* DemoUITests */,
			);
		};
/* End PBXProject section */

/* Begin PBXResourcesBuildPhase section */
		C26951D6256BC9A90041117E /* Resources */ = {
			isa = PBXResourcesBuildPhase;
			buildActionMask = 2147483647;
			files = (
				C26951E8256BC9AD0041117E /* LaunchScreen.storyboard in Resources */,
				C26951E5256BC9AD0041117E /* Assets.xcassets in Resources */,
				C26951E3256BC9A90041117E /* Main.storyboard in Resources */,
			);
			runOnlyForDeploymentPostprocessing = 0;
		};
		C26951EC256BC9AE0041117E /* Resources */ = {
			isa = PBXResourcesBuildPhase;
			buildActionMask = 2147483647;
			files = (
			);
			runOnlyForDeploymentPostprocessing = 0;
		};
		C26951F7256BC9AE0041117E /* Resources */ = {
			isa = PBXResourcesBuildPhase;
			buildActionMask = 2147483647;
			files = (
			);
			runOnlyForDeploymentPostprocessing = 0;
		};
/* End PBXResourcesBuildPhase section */

/* Begin PBXShellScriptBuildPhase section */
		7803BC37C80995ACD1BA4D53 /* [CP] Check Pods Manifest.lock */ = {
			isa = PBXShellScriptBuildPhase;
			buildActionMask = 2147483647;
			files = (
			);
			inputFileListPaths = (
			);
			inputPaths = (
				"${PODS_PODFILE_DIR_PATH}/Podfile.lock",
				"${PODS_ROOT}/Manifest.lock",
			);
			name = "[CP] Check Pods Manifest.lock";
			outputFileListPaths = (
			);
			outputPaths = (
				"$(DERIVED_FILE_DIR)/Pods-Demo-checkManifestLockResult.txt",
			);
			runOnlyForDeploymentPostprocessing = 0;
			shellPath = /bin/sh;
			shellScript = "diff \"${PODS_PODFILE_DIR_PATH}/Podfile.lock\" \"${PODS_ROOT}/Manifest.lock\" > /dev/null\nif [ $? != 0 ] ; then\n    # print error to STDERR\n    echo \"error: The sandbox is not in sync with the Podfile.lock. Run 'pod install' or update your CocoaPods installation.\" >&2\n    exit 1\nfi\n# This output is used by Xcode 'outputs' to avoid re-running this script phase.\necho \"SUCCESS\" > \"${SCRIPT_OUTPUT_FILE_0}\"\n";
			showEnvVarsInLog = 0;
		};
		B1791E95AF86AF9E7D407CAA /* [CP] Check Pods Manifest.lock */ = {
			isa = PBXShellScriptBuildPhase;
			buildActionMask = 2147483647;
			files = (
			);
			inputFileListPaths = (
			);
			inputPaths = (
				"${PODS_PODFILE_DIR_PATH}/Podfile.lock",
				"${PODS_ROOT}/Manifest.lock",
			);
			name = "[CP] Check Pods Manifest.lock";
			outputFileListPaths = (
			);
			outputPaths = (
				"$(DERIVED_FILE_DIR)/Pods-DemoTests-checkManifestLockResult.txt",
			);
			runOnlyForDeploymentPostprocessing = 0;
			shellPath = /bin/sh;
			shellScript = "diff \"${PODS_PODFILE_DIR_PATH}/Podfile.lock\" \"${PODS_ROOT}/Manifest.lock\" > /dev/null\nif [ $? != 0 ] ; then\n    # print error to STDERR\n    echo \"error: The sandbox is not in sync with the Podfile.lock. Run 'pod install' or update your CocoaPods installation.\" >&2\n    exit 1\nfi\n# This output is used by Xcode 'outputs' to avoid re-running this script phase.\necho \"SUCCESS\" > \"${SCRIPT_OUTPUT_FILE_0}\"\n";
			showEnvVarsInLog = 0;
		};
		B30AE31E06E8B0379C567605 /* [CP] Embed Pods Frameworks */ = {
			isa = PBXShellScriptBuildPhase;
			buildActionMask = 2147483647;
			files = (
			);
			inputFileListPaths = (
				"${PODS_ROOT}/Target Support Files/Pods-Demo-DemoUITests/Pods-Demo-DemoUITests-frameworks-${CONFIGURATION}-input-files.xcfilelist",
			);
			name = "[CP] Embed Pods Frameworks";
			outputFileListPaths = (
				"${PODS_ROOT}/Target Support Files/Pods-Demo-DemoUITests/Pods-Demo-DemoUITests-frameworks-${CONFIGURATION}-output-files.xcfilelist",
			);
			runOnlyForDeploymentPostprocessing = 0;
			shellPath = /bin/sh;
			shellScript = "\"${PODS_ROOT}/Target Support Files/Pods-Demo-DemoUITests/Pods-Demo-DemoUITests-frameworks.sh\"\n";
			showEnvVarsInLog = 0;
		};
		BF5AEC7CE8B77B26F4A935EF /* [CP] Check Pods Manifest.lock */ = {
			isa = PBXShellScriptBuildPhase;
			buildActionMask = 2147483647;
			files = (
			);
			inputFileListPaths = (
			);
			inputPaths = (
				"${PODS_PODFILE_DIR_PATH}/Podfile.lock",
				"${PODS_ROOT}/Manifest.lock",
			);
			name = "[CP] Check Pods Manifest.lock";
			outputFileListPaths = (
			);
			outputPaths = (
				"$(DERIVED_FILE_DIR)/Pods-Demo-DemoUITests-checkManifestLockResult.txt",
			);
			runOnlyForDeploymentPostprocessing = 0;
			shellPath = /bin/sh;
			shellScript = "diff \"${PODS_PODFILE_DIR_PATH}/Podfile.lock\" \"${PODS_ROOT}/Manifest.lock\" > /dev/null\nif [ $? != 0 ] ; then\n    # print error to STDERR\n    echo \"error: The sandbox is not in sync with the Podfile.lock. Run 'pod install' or update your CocoaPods installation.\" >&2\n    exit 1\nfi\n# This output is used by Xcode 'outputs' to avoid re-running this script phase.\necho \"SUCCESS\" > \"${SCRIPT_OUTPUT_FILE_0}\"\n";
			showEnvVarsInLog = 0;
		};
		F1ACCB1FC5941B75DF13D0D7 /* [CP] Embed Pods Frameworks */ = {
			isa = PBXShellScriptBuildPhase;
			buildActionMask = 2147483647;
			files = (
			);
			inputFileListPaths = (
				"${PODS_ROOT}/Target Support Files/Pods-Demo/Pods-Demo-frameworks-${CONFIGURATION}-input-files.xcfilelist",
			);
			name = "[CP] Embed Pods Frameworks";
			outputFileListPaths = (
				"${PODS_ROOT}/Target Support Files/Pods-Demo/Pods-Demo-frameworks-${CONFIGURATION}-output-files.xcfilelist",
			);
			runOnlyForDeploymentPostprocessing = 0;
			shellPath = /bin/sh;
			shellScript = "\"${PODS_ROOT}/Target Support Files/Pods-Demo/Pods-Demo-frameworks.sh\"\n";
			showEnvVarsInLog = 0;
		};
/* End PBXShellScriptBuildPhase section */

/* Begin PBXSourcesBuildPhase section */
		C26951D4256BC9A90041117E /* Sources */ = {
			isa = PBXSourcesBuildPhase;
			buildActionMask = 2147483647;
			files = (
				C26951E0256BC9A90041117E /* ViewController.swift in Sources */,
				C26951DC256BC9A90041117E /* AppDelegate.swift in Sources */,
				C26951DE256BC9A90041117E /* SceneDelegate.swift in Sources */,
			);
			runOnlyForDeploymentPostprocessing = 0;
		};
		C26951EA256BC9AE0041117E /* Sources */ = {
			isa = PBXSourcesBuildPhase;
			buildActionMask = 2147483647;
			files = (
				C26951F3256BC9AE0041117E /* DemoTests.swift in Sources */,
			);
			runOnlyForDeploymentPostprocessing = 0;
		};
		C26951F5256BC9AE0041117E /* Sources */ = {
			isa = PBXSourcesBuildPhase;
			buildActionMask = 2147483647;
			files = (
				C26951FE256BC9AE0041117E /* DemoUITests.swift in Sources */,
			);
			runOnlyForDeploymentPostprocessing = 0;
		};
/* End PBXSourcesBuildPhase section */

/* Begin PBXTargetDependency section */
		C26951F0256BC9AE0041117E /* PBXTargetDependency */ = {
			isa = PBXTargetDependency;
			target = C26951D7256BC9A90041117E /* Demo */;
			targetProxy = C26951EF256BC9AE0041117E /* PBXContainerItemProxy */;
		};
		C26951FB256BC9AE0041117E /* PBXTargetDependency */ = {
			isa = PBXTargetDependency;
			target = C26951D7256BC9A90041117E /* Demo */;
			targetProxy = C26951FA256BC9AE0041117E /* PBXContainerItemProxy */;
		};
/* End PBXTargetDependency section */

/* Begin PBXVariantGroup section */
		C26951E1256BC9A90041117E /* Main.storyboard */ = {
			isa = PBXVariantGroup;
			children = (
				C26951E2256BC9A90041117E /* Base */,
			);
			name = Main.storyboard;
			sourceTree = "<group>";
		};
		C26951E6256BC9AD0041117E /* LaunchScreen.storyboard */ = {
			isa = PBXVariantGroup;
			children = (
				C26951E7256BC9AD0041117E /* Base */,
			);
			name = LaunchScreen.storyboard;
			sourceTree = "<group>";
		};
/* End PBXVariantGroup section */

/* Begin XCBuildConfiguration section */
		C2695200256BC9AE0041117E /* Debug */ = {
			isa = XCBuildConfiguration;
			buildSettings = {
				ALWAYS_SEARCH_USER_PATHS = NO;
				CLANG_ANALYZER_NONNULL = YES;
				CLANG_ANALYZER_NUMBER_OBJECT_CONVERSION = YES_AGGRESSIVE;
				CLANG_CXX_LANGUAGE_STANDARD = "gnu++14";
				CLANG_CXX_LIBRARY = "libc++";
				CLANG_ENABLE_MODULES = YES;
				CLANG_ENABLE_OBJC_ARC = YES;
				CLANG_ENABLE_OBJC_WEAK = YES;
				CLANG_WARN_BLOCK_CAPTURE_AUTORELEASING = YES;
				CLANG_WARN_BOOL_CONVERSION = YES;
				CLANG_WARN_COMMA = YES;
				CLANG_WARN_CONSTANT_CONVERSION = YES;
				CLANG_WARN_DEPRECATED_OBJC_IMPLEMENTATIONS = YES;
				CLANG_WARN_DIRECT_OBJC_ISA_USAGE = YES_ERROR;
				CLANG_WARN_DOCUMENTATION_COMMENTS = YES;
				CLANG_WARN_EMPTY_BODY = YES;
				CLANG_WARN_ENUM_CONVERSION = YES;
				CLANG_WARN_INFINITE_RECURSION = YES;
				CLANG_WARN_INT_CONVERSION = YES;
				CLANG_WARN_NON_LITERAL_NULL_CONVERSION = YES;
				CLANG_WARN_OBJC_IMPLICIT_RETAIN_SELF = YES;
				CLANG_WARN_OBJC_LITERAL_CONVERSION = YES;
				CLANG_WARN_OBJC_ROOT_CLASS = YES_ERROR;
				CLANG_WARN_QUOTED_INCLUDE_IN_FRAMEWORK_HEADER = YES;
				CLANG_WARN_RANGE_LOOP_ANALYSIS = YES;
				CLANG_WARN_STRICT_PROTOTYPES = YES;
				CLANG_WARN_SUSPICIOUS_MOVE = YES;
				CLANG_WARN_UNGUARDED_AVAILABILITY = YES_AGGRESSIVE;
				CLANG_WARN_UNREACHABLE_CODE = YES;
				CLANG_WARN__DUPLICATE_METHOD_MATCH = YES;
				COPY_PHASE_STRIP = NO;
				DEBUG_INFORMATION_FORMAT = dwarf;
				ENABLE_STRICT_OBJC_MSGSEND = YES;
				ENABLE_TESTABILITY = YES;
				GCC_C_LANGUAGE_STANDARD = gnu11;
				GCC_DYNAMIC_NO_PIC = NO;
				GCC_NO_COMMON_BLOCKS = YES;
				GCC_OPTIMIZATION_LEVEL = 0;
				GCC_PREPROCESSOR_DEFINITIONS = (
					"DEBUG=1",
					"$(inherited)",
				);
				GCC_WARN_64_TO_32_BIT_CONVERSION = YES;
				GCC_WARN_ABOUT_RETURN_TYPE = YES_ERROR;
				GCC_WARN_UNDECLARED_SELECTOR = YES;
				GCC_WARN_UNINITIALIZED_AUTOS = YES_AGGRESSIVE;
				GCC_WARN_UNUSED_FUNCTION = YES;
				GCC_WARN_UNUSED_VARIABLE = YES;
				IPHONEOS_DEPLOYMENT_TARGET = 14.0;
				MTL_ENABLE_DEBUG_INFO = INCLUDE_SOURCE;
				MTL_FAST_MATH = YES;
				ONLY_ACTIVE_ARCH = YES;
				SDKROOT = iphoneos;
				SWIFT_ACTIVE_COMPILATION_CONDITIONS = DEBUG;
				SWIFT_OPTIMIZATION_LEVEL = "-Onone";
			};
			name = Debug;
		};
		C2695201256BC9AE0041117E /* Release */ = {
			isa = XCBuildConfiguration;
			buildSettings = {
				ALWAYS_SEARCH_USER_PATHS = NO;
				CLANG_ANALYZER_NONNULL = YES;
				CLANG_ANALYZER_NUMBER_OBJECT_CONVERSION = YES_AGGRESSIVE;
				CLANG_CXX_LANGUAGE_STANDARD = "gnu++14";
				CLANG_CXX_LIBRARY = "libc++";
				CLANG_ENABLE_MODULES = YES;
				CLANG_ENABLE_OBJC_ARC = YES;
				CLANG_ENABLE_OBJC_WEAK = YES;
				CLANG_WARN_BLOCK_CAPTURE_AUTORELEASING = YES;
				CLANG_WARN_BOOL_CONVERSION = YES;
				CLANG_WARN_COMMA = YES;
				CLANG_WARN_CONSTANT_CONVERSION = YES;
				CLANG_WARN_DEPRECATED_OBJC_IMPLEMENTATIONS = YES;
				CLANG_WARN_DIRECT_OBJC_ISA_USAGE = YES_ERROR;
				CLANG_WARN_DOCUMENTATION_COMMENTS = YES;
				CLANG_WARN_EMPTY_BODY = YES;
				CLANG_WARN_ENUM_CONVERSION = YES;
				CLANG_WARN_INFINITE_RECURSION = YES;
				CLANG_WARN_INT_CONVERSION = YES;
				CLANG_WARN_NON_LITERAL_NULL_CONVERSION = YES;
				CLANG_WARN_OBJC_IMPLICIT_RETAIN_SELF = YES;
				CLANG_WARN_OBJC_LITERAL_CONVERSION = YES;
				CLANG_WARN_OBJC_ROOT_CLASS = YES_ERROR;
				CLANG_WARN_QUOTED_INCLUDE_IN_FRAMEWORK_HEADER = YES;
				CLANG_WARN_RANGE_LOOP_ANALYSIS = YES;
				CLANG_WARN_STRICT_PROTOTYPES = YES;
				CLANG_WARN_SUSPICIOUS_MOVE = YES;
				CLANG_WARN_UNGUARDED_AVAILABILITY = YES_AGGRESSIVE;
				CLANG_WARN_UNREACHABLE_CODE = YES;
				CLANG_WARN__DUPLICATE_METHOD_MATCH = YES;
				COPY_PHASE_STRIP = NO;
				DEBUG_INFORMATION_FORMAT = "dwarf-with-dsym";
				ENABLE_NS_ASSERTIONS = NO;
				ENABLE_STRICT_OBJC_MSGSEND = YES;
				GCC_C_LANGUAGE_STANDARD = gnu11;
				GCC_NO_COMMON_BLOCKS = YES;
				GCC_WARN_64_TO_32_BIT_CONVERSION = YES;
				GCC_WARN_ABOUT_RETURN_TYPE = YES_ERROR;
				GCC_WARN_UNDECLARED_SELECTOR = YES;
				GCC_WARN_UNINITIALIZED_AUTOS = YES_AGGRESSIVE;
				GCC_WARN_UNUSED_FUNCTION = YES;
				GCC_WARN_UNUSED_VARIABLE = YES;
				IPHONEOS_DEPLOYMENT_TARGET = 14.0;
				MTL_ENABLE_DEBUG_INFO = NO;
				MTL_FAST_MATH = YES;
				SDKROOT = iphoneos;
				SWIFT_COMPILATION_MODE = wholemodule;
				SWIFT_OPTIMIZATION_LEVEL = "-O";
				VALIDATE_PRODUCT = YES;
			};
			name = Release;
		};
		C2695203256BC9AE0041117E /* Debug */ = {
			isa = XCBuildConfiguration;
			baseConfigurationReference = D6D6763A30B804F26C8492B9 /* Pods-Demo.debug.xcconfig */;
			buildSettings = {
				ASSETCATALOG_COMPILER_APPICON_NAME = AppIcon;
				ASSETCATALOG_COMPILER_GLOBAL_ACCENT_COLOR_NAME = AccentColor;
				CODE_SIGN_STYLE = Automatic;
				DEVELOPMENT_TEAM = CPK3284L9Q;
				INFOPLIST_FILE = Demo/Info.plist;
				LD_RUNPATH_SEARCH_PATHS = (
					"$(inherited)",
					"@executable_path/Frameworks",
				);
				PRODUCT_BUNDLE_IDENTIFIER = com.agicent.DemoProjectLibrary;
				PRODUCT_NAME = "$(TARGET_NAME)";
				SWIFT_VERSION = 5.0;
				TARGETED_DEVICE_FAMILY = "1,2";
			};
			name = Debug;
		};
		C2695204256BC9AE0041117E /* Release */ = {
			isa = XCBuildConfiguration;
			baseConfigurationReference = EA9506ABFC614AF66B431C88 /* Pods-Demo.release.xcconfig */;
			buildSettings = {
				ASSETCATALOG_COMPILER_APPICON_NAME = AppIcon;
				ASSETCATALOG_COMPILER_GLOBAL_ACCENT_COLOR_NAME = AccentColor;
				CODE_SIGN_STYLE = Automatic;
				DEVELOPMENT_TEAM = CPK3284L9Q;
				INFOPLIST_FILE = Demo/Info.plist;
				LD_RUNPATH_SEARCH_PATHS = (
					"$(inherited)",
					"@executable_path/Frameworks",
				);
				PRODUCT_BUNDLE_IDENTIFIER = com.agicent.DemoProjectLibrary;
				PRODUCT_NAME = "$(TARGET_NAME)";
				SWIFT_VERSION = 5.0;
				TARGETED_DEVICE_FAMILY = "1,2";
			};
			name = Release;
		};
		C2695206256BC9AE0041117E /* Debug */ = {
			isa = XCBuildConfiguration;
			baseConfigurationReference = 82E15A404504140CC4855F07 /* Pods-DemoTests.debug.xcconfig */;
			buildSettings = {
				ALWAYS_EMBED_SWIFT_STANDARD_LIBRARIES = YES;
				BUNDLE_LOADER = "$(TEST_HOST)";
				CODE_SIGN_STYLE = Automatic;
				DEVELOPMENT_TEAM = CPK3284L9Q;
				INFOPLIST_FILE = DemoTests/Info.plist;
				IPHONEOS_DEPLOYMENT_TARGET = 14.0;
				LD_RUNPATH_SEARCH_PATHS = (
					"$(inherited)",
					"@executable_path/Frameworks",
					"@loader_path/Frameworks",
				);
				PRODUCT_BUNDLE_IDENTIFIER = com.agicent.DemoTests;
				PRODUCT_NAME = "$(TARGET_NAME)";
				SWIFT_VERSION = 5.0;
				TARGETED_DEVICE_FAMILY = "1,2";
				TEST_HOST = "$(BUILT_PRODUCTS_DIR)/Demo.app/Demo";
			};
			name = Debug;
		};
		C2695207256BC9AE0041117E /* Release */ = {
			isa = XCBuildConfiguration;
			baseConfigurationReference = A66FDD7680B0AFCDE40334E2 /* Pods-DemoTests.release.xcconfig */;
			buildSettings = {
				ALWAYS_EMBED_SWIFT_STANDARD_LIBRARIES = YES;
				BUNDLE_LOADER = "$(TEST_HOST)";
				CODE_SIGN_STYLE = Automatic;
				DEVELOPMENT_TEAM = CPK3284L9Q;
				INFOPLIST_FILE = DemoTests/Info.plist;
				IPHONEOS_DEPLOYMENT_TARGET = 14.0;
				LD_RUNPATH_SEARCH_PATHS = (
					"$(inherited)",
					"@executable_path/Frameworks",
					"@loader_path/Frameworks",
				);
				PRODUCT_BUNDLE_IDENTIFIER = com.agicent.DemoTests;
				PRODUCT_NAME = "$(TARGET_NAME)";
				SWIFT_VERSION = 5.0;
				TARGETED_DEVICE_FAMILY = "1,2";
				TEST_HOST = "$(BUILT_PRODUCTS_DIR)/Demo.app/Demo";
			};
			name = Release;
		};
		C2695209256BC9AE0041117E /* Debug */ = {
			isa = XCBuildConfiguration;
			baseConfigurationReference = CE8B71CB94244DC26EAB20EF /* Pods-Demo-DemoUITests.debug.xcconfig */;
			buildSettings = {
				ALWAYS_EMBED_SWIFT_STANDARD_LIBRARIES = YES;
				CODE_SIGN_STYLE = Automatic;
				DEVELOPMENT_TEAM = CPK3284L9Q;
				INFOPLIST_FILE = DemoUITests/Info.plist;
				LD_RUNPATH_SEARCH_PATHS = (
					"$(inherited)",
					"@executable_path/Frameworks",
					"@loader_path/Frameworks",
				);
				PRODUCT_BUNDLE_IDENTIFIER = com.agicent.DemoUITests;
				PRODUCT_NAME = "$(TARGET_NAME)";
				SWIFT_VERSION = 5.0;
				TARGETED_DEVICE_FAMILY = "1,2";
				TEST_TARGET_NAME = Demo;
			};
			name = Debug;
		};
		C269520A256BC9AE0041117E /* Release */ = {
			isa = XCBuildConfiguration;
			baseConfigurationReference = 24E1976922494EBCE4DACE01 /* Pods-Demo-DemoUITests.release.xcconfig */;
			buildSettings = {
				ALWAYS_EMBED_SWIFT_STANDARD_LIBRARIES = YES;
				CODE_SIGN_STYLE = Automatic;
				DEVELOPMENT_TEAM = CPK3284L9Q;
				INFOPLIST_FILE = DemoUITests/Info.plist;
				LD_RUNPATH_SEARCH_PATHS = (
					"$(inherited)",
					"@executable_path/Frameworks",
					"@loader_path/Frameworks",
				);
				PRODUCT_BUNDLE_IDENTIFIER = com.agicent.DemoUITests;
				PRODUCT_NAME = "$(TARGET_NAME)";
				SWIFT_VERSION = 5.0;
				TARGETED_DEVICE_FAMILY = "1,2";
				TEST_TARGET_NAME = Demo;
			};
			name = Release;
		};
/* End XCBuildConfiguration section */

/* Begin XCConfigurationList section */
		C26951D3256BC9A90041117E /* Build configuration list for PBXProject "Demo" */ = {
			isa = XCConfigurationList;
			buildConfigurations = (
				C2695200256BC9AE0041117E /* Debug */,
				C2695201256BC9AE0041117E /* Release */,
			);
			defaultConfigurationIsVisible = 0;
			defaultConfigurationName = Release;
		};
		C2695202256BC9AE0041117E /* Build configuration list for PBXNativeTarget "Demo" */ = {
			isa = XCConfigurationList;
			buildConfigurations = (
				C2695203256BC9AE0041117E /* Debug */,
				C2695204256BC9AE0041117E /* Release */,
			);
			defaultConfigurationIsVisible = 0;
			defaultConfigurationName = Release;
		};
		C2695205256BC9AE0041117E /* Build configuration list for PBXNativeTarget "DemoTests" */ = {
			isa = XCConfigurationList;
			buildConfigurations = (
				C2695206256BC9AE0041117E /* Debug */,
				C2695207256BC9AE0041117E /* Release */,
			);
			defaultConfigurationIsVisible = 0;
			defaultConfigurationName = Release;
		};
		C2695208256BC9AE0041117E /* Build configuration list for PBXNativeTarget "DemoUITests" */ = {
			isa = XCConfigurationList;
			buildConfigurations = (
				C2695209256BC9AE0041117E /* Debug */,
				C269520A256BC9AE0041117E /* Release */,
			);
			defaultConfigurationIsVisible = 0;
			defaultConfigurationName = Release;
		};
/* End XCConfigurationList section */
	};
	rootObject = C26951D0256BC9A90041117E /* Project object */;
}
